// !$*UTF8*$!
{
	archiveVersion = 1;
	classes = {
	};
	objectVersion = 46;
	objects = {

/* Begin PBXBuildFile section */
		2221621E1D7C015F0086FB51 /* NextWebViewController.m in Sources */ = {isa = PBXBuildFile; fileRef = 2221621B1D7C015F0086FB51 /* NextWebViewController.m */; };
		2221621F1D7C015F0086FB51 /* SIMWebViewController.m in Sources */ = {isa = PBXBuildFile; fileRef = 2221621D1D7C015F0086FB51 /* SIMWebViewController.m */; };
		226CEFFF1D9AB36700FCCB63 /* HYScratchCardView.m in Sources */ = {isa = PBXBuildFile; fileRef = 226CEFFC1D9AB36700FCCB63 /* HYScratchCardView.m */; };
		226CF0001D9AB36700FCCB63 /* SIMImageViewEditViewController.m in Sources */ = {isa = PBXBuildFile; fileRef = 226CEFFE1D9AB36700FCCB63 /* SIMImageViewEditViewController.m */; };
		5D2812231D8E911600FE542B /* UINavigationBar+Transform.m in Sources */ = {isa = PBXBuildFile; fileRef = 5D2812221D8E911600FE542B /* UINavigationBar+Transform.m */; };
		5D3523BC1D9CB72000BDA86F /* CATestViewController.m in Sources */ = {isa = PBXBuildFile; fileRef = 5D3523BB1D9CB72000BDA86F /* CATestViewController.m */; };
		5D3523C21D9D03CE00BDA86F /* SmoothLineView.m in Sources */ = {isa = PBXBuildFile; fileRef = 5D3523C11D9D03CE00BDA86F /* SmoothLineView.m */; };
		5D7CE8F51D8F7C0800128381 /* SIMScreenShotViewController.m in Sources */ = {isa = PBXBuildFile; fileRef = 5D7CE8F41D8F7C0800128381 /* SIMScreenShotViewController.m */; };
		5D8A4B541D90CF630084235F /* SIMScreenShotManager.m in Sources */ = {isa = PBXBuildFile; fileRef = 5D8A4B531D90CF630084235F /* SIMScreenShotManager.m */; };
		5D98528F1D9B539900A501B2 /* p2.jpg in Resources */ = {isa = PBXBuildFile; fileRef = 5D98528E1D9B539900A501B2 /* p2.jpg */; };
		5DED37ED1D7053DB00411321 /* KVOTarget.m in Sources */ = {isa = PBXBuildFile; fileRef = 5DED37EC1D7053DB00411321 /* KVOTarget.m */; };
		5DED37F01D7055FB00411321 /* KVOObserver.m in Sources */ = {isa = PBXBuildFile; fileRef = 5DED37EF1D7055FB00411321 /* KVOObserver.m */; };
		5DED37F31D70587800411321 /* KVOOtherTarget.m in Sources */ = {isa = PBXBuildFile; fileRef = 5DED37F21D70587800411321 /* KVOOtherTarget.m */; };
		A01BF6851D0EA62300C2E10E /* SIMNetworking.m in Sources */ = {isa = PBXBuildFile; fileRef = A01BF6841D0EA62300C2E10E /* SIMNetworking.m */; };
		A020DD0F1CE34AFD00642710 /* CAViewController.m in Sources */ = {isa = PBXBuildFile; fileRef = A020DD0E1CE34AFD00642710 /* CAViewController.m */; };
		A0324DFE1CE9A8F700DF4671 /* 416.png in Resources */ = {isa = PBXBuildFile; fileRef = A0324DFD1CE9A8F700DF4671 /* 416.png */; };
		A0324E011CEC5F5300DF4671 /* CoreText.framework in Frameworks */ = {isa = PBXBuildFile; fileRef = A0324E001CEC5F5300DF4671 /* CoreText.framework */; };
		A0324E051CEC693800DF4671 /* SpecialLayer.m in Sources */ = {isa = PBXBuildFile; fileRef = A0324E041CEC693800DF4671 /* SpecialLayer.m */; };
		A0324E091CEC6B9000DF4671 /* CATextLayerLabel.m in Sources */ = {isa = PBXBuildFile; fileRef = A0324E081CEC6B9000DF4671 /* CATextLayerLabel.m */; };
		A0324E151CEDC0FE00DF4671 /* CAReplicatorView.m in Sources */ = {isa = PBXBuildFile; fileRef = A0324E141CEDC0FE00DF4671 /* CAReplicatorView.m */; };
		A0324E171CEDD97A00DF4671 /* 5@2x.png in Resources */ = {isa = PBXBuildFile; fileRef = A0324E161CEDD97A00DF4671 /* 5@2x.png */; };
		A0324E1A1CEEBB9E00DF4671 /* CAAnimationViewController.m in Sources */ = {isa = PBXBuildFile; fileRef = A0324E191CEEBB9E00DF4671 /* CAAnimationViewController.m */; };
		A0324E311CF2CA6000DF4671 /* CAShowAnimationViewController.m in Sources */ = {isa = PBXBuildFile; fileRef = A0324E301CF2CA6000DF4671 /* CAShowAnimationViewController.m */; };
		A0324E341CF6E0D600DF4671 /* CAInstrumentsViewController.m in Sources */ = {isa = PBXBuildFile; fileRef = A0324E331CF6E0D600DF4671 /* CAInstrumentsViewController.m */; };
		A0324E401CFC4F7800DF4671 /* CADrawViewController.m in Sources */ = {isa = PBXBuildFile; fileRef = A0324E3F1CFC4F7800DF4671 /* CADrawViewController.m */; };
		A0582BC11CD33DAA007109B5 /* UINavigationBar+BackgroundColor.m in Sources */ = {isa = PBXBuildFile; fileRef = A0582BC01CD33DAA007109B5 /* UINavigationBar+BackgroundColor.m */; };
		A060D3A41CD1D85B00B7D230 /* AppDelegate.m in Sources */ = {isa = PBXBuildFile; fileRef = A060D3901CD1D85B00B7D230 /* AppDelegate.m */; };
		A060D3A51CD1D85B00B7D230 /* SIMNavigationController.m in Sources */ = {isa = PBXBuildFile; fileRef = A060D3941CD1D85B00B7D230 /* SIMNavigationController.m */; };
		A060D3A61CD1D85B00B7D230 /* MasonryAnimateViewController.m in Sources */ = {isa = PBXBuildFile; fileRef = A060D39E1CD1D85B00B7D230 /* MasonryAnimateViewController.m */; };
		A060D3A71CD1D85B00B7D230 /* ViewController.m in Sources */ = {isa = PBXBuildFile; fileRef = A060D3A01CD1D85B00B7D230 /* ViewController.m */; };
		A060D3A81CD1D85B00B7D230 /* ViewController.xib in Resources */ = {isa = PBXBuildFile; fileRef = A060D3A11CD1D85B00B7D230 /* ViewController.xib */; };
		A070649E1CD8439C00CCA264 /* CGViewController.m in Sources */ = {isa = PBXBuildFile; fileRef = A070649D1CD8439C00CCA264 /* CGViewController.m */; };
		A07064A11CD8445600CCA264 /* CGView.m in Sources */ = {isa = PBXBuildFile; fileRef = A07064A01CD8445600CCA264 /* CGView.m */; };
		A07064A31CD872BC00CCA264 /* 1.jpg in Resources */ = {isa = PBXBuildFile; fileRef = A07064A21CD872BC00CCA264 /* 1.jpg */; };
		A07064B61CDC736300CCA264 /* 4@2x.png in Resources */ = {isa = PBXBuildFile; fileRef = A07064B51CDC736300CCA264 /* 4@2x.png */; };
		A08A2E9A1D1BC6F000ED4F65 /* CACustomViewController.m in Sources */ = {isa = PBXBuildFile; fileRef = A08A2E991D1BC6F000ED4F65 /* CACustomViewController.m */; };
		A08A2EC11D20F9A700ED4F65 /* UIViewController+AnimateAlertView.m in Sources */ = {isa = PBXBuildFile; fileRef = A08A2EC01D20F9A700ED4F65 /* UIViewController+AnimateAlertView.m */; };
		A0ACB3901CD307830078715B /* SIMMainViewController.m in Sources */ = {isa = PBXBuildFile; fileRef = A0ACB38F1CD307830078715B /* SIMMainViewController.m */; };
		A0ACB3941CD30A050078715B /* SIMItem.m in Sources */ = {isa = PBXBuildFile; fileRef = A0ACB3931CD30A050078715B /* SIMItem.m */; };
		A0ACB39B1CD33D630078715B /* UIImage+Rotate.m in Sources */ = {isa = PBXBuildFile; fileRef = A0ACB3971CD33D630078715B /* UIImage+Rotate.m */; };
		A0ACB39C1CD33D630078715B /* UIImage+Tools.m in Sources */ = {isa = PBXBuildFile; fileRef = A0ACB3991CD33D630078715B /* UIImage+Tools.m */; };
		A0DEEA8E1CC9F8BD006516E3 /* main.m in Sources */ = {isa = PBXBuildFile; fileRef = A0DEEA8D1CC9F8BD006516E3 /* main.m */; };
		A0DEEA991CC9F8BD006516E3 /* Assets.xcassets in Resources */ = {isa = PBXBuildFile; fileRef = A0DEEA981CC9F8BD006516E3 /* Assets.xcassets */; };
		A0DEEA9C1CC9F8BD006516E3 /* LaunchScreen.storyboard in Resources */ = {isa = PBXBuildFile; fileRef = A0DEEA9A1CC9F8BD006516E3 /* LaunchScreen.storyboard */; };
		A0DEEAA71CC9F8BD006516E3 /* SimpleTests.m in Sources */ = {isa = PBXBuildFile; fileRef = A0DEEAA61CC9F8BD006516E3 /* SimpleTests.m */; };
		A0DEEAB21CC9F8BD006516E3 /* SimpleUITests.m in Sources */ = {isa = PBXBuildFile; fileRef = A0DEEAB11CC9F8BD006516E3 /* SimpleUITests.m */; };
		AD58C006E8E1D2D76B660203 /* libPods-Simple.a in Frameworks */ = {isa = PBXBuildFile; fileRef = FC50640EFBACB2F0D553934E /* libPods-Simple.a */; };
/* End PBXBuildFile section */

/* Begin PBXContainerItemProxy section */
		A0DEEAA31CC9F8BD006516E3 /* PBXContainerItemProxy */ = {
			isa = PBXContainerItemProxy;
			containerPortal = A0DEEA811CC9F8BD006516E3 /* Project object */;
			proxyType = 1;
			remoteGlobalIDString = A0DEEA881CC9F8BD006516E3;
			remoteInfo = Simple;
		};
		A0DEEAAE1CC9F8BD006516E3 /* PBXContainerItemProxy */ = {
			isa = PBXContainerItemProxy;
			containerPortal = A0DEEA811CC9F8BD006516E3 /* Project object */;
			proxyType = 1;
			remoteGlobalIDString = A0DEEA881CC9F8BD006516E3;
			remoteInfo = Simple;
		};
/* End PBXContainerItemProxy section */

/* Begin PBXFileReference section */
		2221621A1D7C015F0086FB51 /* NextWebViewController.h */ = {isa = PBXFileReference; fileEncoding = 4; lastKnownFileType = sourcecode.c.h; path = NextWebViewController.h; sourceTree = "<group>"; };
		2221621B1D7C015F0086FB51 /* NextWebViewController.m */ = {isa = PBXFileReference; fileEncoding = 4; lastKnownFileType = sourcecode.c.objc; path = NextWebViewController.m; sourceTree = "<group>"; };
		2221621C1D7C015F0086FB51 /* SIMWebViewController.h */ = {isa = PBXFileReference; fileEncoding = 4; lastKnownFileType = sourcecode.c.h; path = SIMWebViewController.h; sourceTree = "<group>"; };
		2221621D1D7C015F0086FB51 /* SIMWebViewController.m */ = {isa = PBXFileReference; fileEncoding = 4; lastKnownFileType = sourcecode.c.objc; path = SIMWebViewController.m; sourceTree = "<group>"; };
		226CEFFB1D9AB36700FCCB63 /* HYScratchCardView.h */ = {isa = PBXFileReference; fileEncoding = 4; lastKnownFileType = sourcecode.c.h; path = HYScratchCardView.h; sourceTree = "<group>"; };
		226CEFFC1D9AB36700FCCB63 /* HYScratchCardView.m */ = {isa = PBXFileReference; fileEncoding = 4; lastKnownFileType = sourcecode.c.objc; path = HYScratchCardView.m; sourceTree = "<group>"; };
		226CEFFD1D9AB36700FCCB63 /* SIMImageViewEditViewController.h */ = {isa = PBXFileReference; fileEncoding = 4; lastKnownFileType = sourcecode.c.h; path = SIMImageViewEditViewController.h; sourceTree = "<group>"; };
		226CEFFE1D9AB36700FCCB63 /* SIMImageViewEditViewController.m */ = {isa = PBXFileReference; fileEncoding = 4; lastKnownFileType = sourcecode.c.objc; path = SIMImageViewEditViewController.m; sourceTree = "<group>"; };
		5561EBC4F90458BB6A11AEA3 /* Pods-Simple.debug.xcconfig */ = {isa = PBXFileReference; includeInIndex = 1; lastKnownFileType = text.xcconfig; name = "Pods-Simple.debug.xcconfig"; path = "Pods/Target Support Files/Pods-Simple/Pods-Simple.debug.xcconfig"; sourceTree = "<group>"; };
		5D2812211D8E911600FE542B /* UINavigationBar+Transform.h */ = {isa = PBXFileReference; fileEncoding = 4; lastKnownFileType = sourcecode.c.h; path = "UINavigationBar+Transform.h"; sourceTree = "<group>"; };
		5D2812221D8E911600FE542B /* UINavigationBar+Transform.m */ = {isa = PBXFileReference; fileEncoding = 4; lastKnownFileType = sourcecode.c.objc; path = "UINavigationBar+Transform.m"; sourceTree = "<group>"; };
		5D3523BA1D9CB72000BDA86F /* CATestViewController.h */ = {isa = PBXFileReference; fileEncoding = 4; lastKnownFileType = sourcecode.c.h; path = CATestViewController.h; sourceTree = "<group>"; };
		5D3523BB1D9CB72000BDA86F /* CATestViewController.m */ = {isa = PBXFileReference; fileEncoding = 4; lastKnownFileType = sourcecode.c.objc; path = CATestViewController.m; sourceTree = "<group>"; };
		5D3523C01D9D03CE00BDA86F /* SmoothLineView.h */ = {isa = PBXFileReference; fileEncoding = 4; lastKnownFileType = sourcecode.c.h; path = SmoothLineView.h; sourceTree = "<group>"; };
		5D3523C11D9D03CE00BDA86F /* SmoothLineView.m */ = {isa = PBXFileReference; fileEncoding = 4; lastKnownFileType = sourcecode.c.objc; path = SmoothLineView.m; sourceTree = "<group>"; };
		5D7CE8F31D8F7C0800128381 /* SIMScreenShotViewController.h */ = {isa = PBXFileReference; fileEncoding = 4; lastKnownFileType = sourcecode.c.h; path = SIMScreenShotViewController.h; sourceTree = "<group>"; };
		5D7CE8F41D8F7C0800128381 /* SIMScreenShotViewController.m */ = {isa = PBXFileReference; fileEncoding = 4; lastKnownFileType = sourcecode.c.objc; path = SIMScreenShotViewController.m; sourceTree = "<group>"; };
		5D8A4B521D90CF630084235F /* SIMScreenShotManager.h */ = {isa = PBXFileReference; fileEncoding = 4; lastKnownFileType = sourcecode.c.h; path = SIMScreenShotManager.h; sourceTree = "<group>"; };
		5D8A4B531D90CF630084235F /* SIMScreenShotManager.m */ = {isa = PBXFileReference; fileEncoding = 4; lastKnownFileType = sourcecode.c.objc; path = SIMScreenShotManager.m; sourceTree = "<group>"; };
		5D98528E1D9B539900A501B2 /* p2.jpg */ = {isa = PBXFileReference; lastKnownFileType = image.jpeg; path = p2.jpg; sourceTree = "<group>"; };
		5DED37EB1D7053DB00411321 /* KVOTarget.h */ = {isa = PBXFileReference; fileEncoding = 4; lastKnownFileType = sourcecode.c.h; path = KVOTarget.h; sourceTree = "<group>"; };
		5DED37EC1D7053DB00411321 /* KVOTarget.m */ = {isa = PBXFileReference; fileEncoding = 4; lastKnownFileType = sourcecode.c.objc; path = KVOTarget.m; sourceTree = "<group>"; };
		5DED37EE1D7055FB00411321 /* KVOObserver.h */ = {isa = PBXFileReference; fileEncoding = 4; lastKnownFileType = sourcecode.c.h; path = KVOObserver.h; sourceTree = "<group>"; };
		5DED37EF1D7055FB00411321 /* KVOObserver.m */ = {isa = PBXFileReference; fileEncoding = 4; lastKnownFileType = sourcecode.c.objc; path = KVOObserver.m; sourceTree = "<group>"; };
		5DED37F11D70587800411321 /* KVOOtherTarget.h */ = {isa = PBXFileReference; fileEncoding = 4; lastKnownFileType = sourcecode.c.h; path = KVOOtherTarget.h; sourceTree = "<group>"; };
		5DED37F21D70587800411321 /* KVOOtherTarget.m */ = {isa = PBXFileReference; fileEncoding = 4; lastKnownFileType = sourcecode.c.objc; path = KVOOtherTarget.m; sourceTree = "<group>"; };
		A01BF6831D0EA62300C2E10E /* SIMNetworking.h */ = {isa = PBXFileReference; fileEncoding = 4; lastKnownFileType = sourcecode.c.h; path = SIMNetworking.h; sourceTree = "<group>"; };
		A01BF6841D0EA62300C2E10E /* SIMNetworking.m */ = {isa = PBXFileReference; fileEncoding = 4; lastKnownFileType = sourcecode.c.objc; path = SIMNetworking.m; sourceTree = "<group>"; };
		A020DD0D1CE34AFD00642710 /* CAViewController.h */ = {isa = PBXFileReference; fileEncoding = 4; lastKnownFileType = sourcecode.c.h; path = CAViewController.h; sourceTree = "<group>"; };
		A020DD0E1CE34AFD00642710 /* CAViewController.m */ = {isa = PBXFileReference; fileEncoding = 4; lastKnownFileType = sourcecode.c.objc; path = CAViewController.m; sourceTree = "<group>"; };
		A0324DFD1CE9A8F700DF4671 /* 416.png */ = {isa = PBXFileReference; lastKnownFileType = image.png; path = 416.png; sourceTree = "<group>"; };
		A0324E001CEC5F5300DF4671 /* CoreText.framework */ = {isa = PBXFileReference; lastKnownFileType = wrapper.framework; name = CoreText.framework; path = System/Library/Frameworks/CoreText.framework; sourceTree = SDKROOT; };
		A0324E031CEC693800DF4671 /* SpecialLayer.h */ = {isa = PBXFileReference; fileEncoding = 4; lastKnownFileType = sourcecode.c.h; path = SpecialLayer.h; sourceTree = "<group>"; };
		A0324E041CEC693800DF4671 /* SpecialLayer.m */ = {isa = PBXFileReference; fileEncoding = 4; lastKnownFileType = sourcecode.c.objc; path = SpecialLayer.m; sourceTree = "<group>"; };
		A0324E071CEC6B9000DF4671 /* CATextLayerLabel.h */ = {isa = PBXFileReference; fileEncoding = 4; lastKnownFileType = sourcecode.c.h; path = CATextLayerLabel.h; sourceTree = "<group>"; };
		A0324E081CEC6B9000DF4671 /* CATextLayerLabel.m */ = {isa = PBXFileReference; fileEncoding = 4; lastKnownFileType = sourcecode.c.objc; path = CATextLayerLabel.m; sourceTree = "<group>"; };
		A0324E131CEDC0FE00DF4671 /* CAReplicatorView.h */ = {isa = PBXFileReference; fileEncoding = 4; lastKnownFileType = sourcecode.c.h; path = CAReplicatorView.h; sourceTree = "<group>"; };
		A0324E141CEDC0FE00DF4671 /* CAReplicatorView.m */ = {isa = PBXFileReference; fileEncoding = 4; lastKnownFileType = sourcecode.c.objc; path = CAReplicatorView.m; sourceTree = "<group>"; };
		A0324E161CEDD97A00DF4671 /* 5@2x.png */ = {isa = PBXFileReference; lastKnownFileType = image.png; path = "5@2x.png"; sourceTree = "<group>"; };
		A0324E181CEEBB9E00DF4671 /* CAAnimationViewController.h */ = {isa = PBXFileReference; fileEncoding = 4; lastKnownFileType = sourcecode.c.h; path = CAAnimationViewController.h; sourceTree = "<group>"; };
		A0324E191CEEBB9E00DF4671 /* CAAnimationViewController.m */ = {isa = PBXFileReference; fileEncoding = 4; lastKnownFileType = sourcecode.c.objc; path = CAAnimationViewController.m; sourceTree = "<group>"; };
		A0324E2F1CF2CA6000DF4671 /* CAShowAnimationViewController.h */ = {isa = PBXFileReference; fileEncoding = 4; lastKnownFileType = sourcecode.c.h; path = CAShowAnimationViewController.h; sourceTree = "<group>"; };
		A0324E301CF2CA6000DF4671 /* CAShowAnimationViewController.m */ = {isa = PBXFileReference; fileEncoding = 4; lastKnownFileType = sourcecode.c.objc; path = CAShowAnimationViewController.m; sourceTree = "<group>"; };
		A0324E321CF6E0D600DF4671 /* CAInstrumentsViewController.h */ = {isa = PBXFileReference; fileEncoding = 4; lastKnownFileType = sourcecode.c.h; path = CAInstrumentsViewController.h; sourceTree = "<group>"; };
		A0324E331CF6E0D600DF4671 /* CAInstrumentsViewController.m */ = {isa = PBXFileReference; fileEncoding = 4; lastKnownFileType = sourcecode.c.objc; path = CAInstrumentsViewController.m; sourceTree = "<group>"; };
		A0324E3E1CFC4F7800DF4671 /* CADrawViewController.h */ = {isa = PBXFileReference; fileEncoding = 4; lastKnownFileType = sourcecode.c.h; path = CADrawViewController.h; sourceTree = "<group>"; };
		A0324E3F1CFC4F7800DF4671 /* CADrawViewController.m */ = {isa = PBXFileReference; fileEncoding = 4; lastKnownFileType = sourcecode.c.objc; path = CADrawViewController.m; sourceTree = "<group>"; };
		A0582BBF1CD33DAA007109B5 /* UINavigationBar+BackgroundColor.h */ = {isa = PBXFileReference; fileEncoding = 4; lastKnownFileType = sourcecode.c.h; path = "UINavigationBar+BackgroundColor.h"; sourceTree = "<group>"; };
		A0582BC01CD33DAA007109B5 /* UINavigationBar+BackgroundColor.m */ = {isa = PBXFileReference; fileEncoding = 4; lastKnownFileType = sourcecode.c.objc; path = "UINavigationBar+BackgroundColor.m"; sourceTree = "<group>"; };
		A060D38F1CD1D85B00B7D230 /* AppDelegate.h */ = {isa = PBXFileReference; fileEncoding = 4; lastKnownFileType = sourcecode.c.h; path = AppDelegate.h; sourceTree = "<group>"; };
		A060D3901CD1D85B00B7D230 /* AppDelegate.m */ = {isa = PBXFileReference; fileEncoding = 4; lastKnownFileType = sourcecode.c.objc; path = AppDelegate.m; sourceTree = "<group>"; };
		A060D3931CD1D85B00B7D230 /* SIMNavigationController.h */ = {isa = PBXFileReference; fileEncoding = 4; lastKnownFileType = sourcecode.c.h; path = SIMNavigationController.h; sourceTree = "<group>"; };
		A060D3941CD1D85B00B7D230 /* SIMNavigationController.m */ = {isa = PBXFileReference; fileEncoding = 4; lastKnownFileType = sourcecode.c.objc; path = SIMNavigationController.m; sourceTree = "<group>"; };
		A060D3971CD1D85B00B7D230 /* constants.h */ = {isa = PBXFileReference; fileEncoding = 4; lastKnownFileType = sourcecode.c.h; path = constants.h; sourceTree = "<group>"; };
		A060D39D1CD1D85B00B7D230 /* MasonryAnimateViewController.h */ = {isa = PBXFileReference; fileEncoding = 4; lastKnownFileType = sourcecode.c.h; path = MasonryAnimateViewController.h; sourceTree = "<group>"; };
		A060D39E1CD1D85B00B7D230 /* MasonryAnimateViewController.m */ = {isa = PBXFileReference; fileEncoding = 4; lastKnownFileType = sourcecode.c.objc; path = MasonryAnimateViewController.m; sourceTree = "<group>"; };
		A060D39F1CD1D85B00B7D230 /* ViewController.h */ = {isa = PBXFileReference; fileEncoding = 4; lastKnownFileType = sourcecode.c.h; path = ViewController.h; sourceTree = "<group>"; };
		A060D3A01CD1D85B00B7D230 /* ViewController.m */ = {isa = PBXFileReference; fileEncoding = 4; lastKnownFileType = sourcecode.c.objc; path = ViewController.m; sourceTree = "<group>"; };
		A060D3A11CD1D85B00B7D230 /* ViewController.xib */ = {isa = PBXFileReference; fileEncoding = 4; lastKnownFileType = file.xib; path = ViewController.xib; sourceTree = "<group>"; };
		A060D3AA1CD1D8C500B7D230 /* Simple.pch */ = {isa = PBXFileReference; fileEncoding = 4; lastKnownFileType = sourcecode.c.h; path = Simple.pch; sourceTree = "<group>"; };
		A070649C1CD8439C00CCA264 /* CGViewController.h */ = {isa = PBXFileReference; fileEncoding = 4; lastKnownFileType = sourcecode.c.h; path = CGViewController.h; sourceTree = "<group>"; };
		A070649D1CD8439C00CCA264 /* CGViewController.m */ = {isa = PBXFileReference; fileEncoding = 4; lastKnownFileType = sourcecode.c.objc; path = CGViewController.m; sourceTree = "<group>"; };
		A070649F1CD8445600CCA264 /* CGView.h */ = {isa = PBXFileReference; fileEncoding = 4; lastKnownFileType = sourcecode.c.h; path = CGView.h; sourceTree = "<group>"; };
		A07064A01CD8445600CCA264 /* CGView.m */ = {isa = PBXFileReference; fileEncoding = 4; lastKnownFileType = sourcecode.c.objc; path = CGView.m; sourceTree = "<group>"; };
		A07064A21CD872BC00CCA264 /* 1.jpg */ = {isa = PBXFileReference; lastKnownFileType = image.jpeg; path = 1.jpg; sourceTree = "<group>"; };
		A07064B51CDC736300CCA264 /* 4@2x.png */ = {isa = PBXFileReference; lastKnownFileType = image.png; path = "4@2x.png"; sourceTree = "<group>"; };
		A08A2E981D1BC6F000ED4F65 /* CACustomViewController.h */ = {isa = PBXFileReference; fileEncoding = 4; lastKnownFileType = sourcecode.c.h; path = CACustomViewController.h; sourceTree = "<group>"; };
		A08A2E991D1BC6F000ED4F65 /* CACustomViewController.m */ = {isa = PBXFileReference; fileEncoding = 4; lastKnownFileType = sourcecode.c.objc; path = CACustomViewController.m; sourceTree = "<group>"; };
		A08A2EBF1D20F9A700ED4F65 /* UIViewController+AnimateAlertView.h */ = {isa = PBXFileReference; fileEncoding = 4; lastKnownFileType = sourcecode.c.h; path = "UIViewController+AnimateAlertView.h"; sourceTree = "<group>"; };
		A08A2EC01D20F9A700ED4F65 /* UIViewController+AnimateAlertView.m */ = {isa = PBXFileReference; fileEncoding = 4; lastKnownFileType = sourcecode.c.objc; path = "UIViewController+AnimateAlertView.m"; sourceTree = "<group>"; };
		A0ACB38E1CD307830078715B /* SIMMainViewController.h */ = {isa = PBXFileReference; fileEncoding = 4; lastKnownFileType = sourcecode.c.h; path = SIMMainViewController.h; sourceTree = "<group>"; };
		A0ACB38F1CD307830078715B /* SIMMainViewController.m */ = {isa = PBXFileReference; fileEncoding = 4; lastKnownFileType = sourcecode.c.objc; path = SIMMainViewController.m; sourceTree = "<group>"; };
		A0ACB3921CD30A050078715B /* SIMItem.h */ = {isa = PBXFileReference; fileEncoding = 4; lastKnownFileType = sourcecode.c.h; path = SIMItem.h; sourceTree = "<group>"; };
		A0ACB3931CD30A050078715B /* SIMItem.m */ = {isa = PBXFileReference; fileEncoding = 4; lastKnownFileType = sourcecode.c.objc; path = SIMItem.m; sourceTree = "<group>"; };
		A0ACB3961CD33D630078715B /* UIImage+Rotate.h */ = {isa = PBXFileReference; fileEncoding = 4; lastKnownFileType = sourcecode.c.h; path = "UIImage+Rotate.h"; sourceTree = "<group>"; };
		A0ACB3971CD33D630078715B /* UIImage+Rotate.m */ = {isa = PBXFileReference; fileEncoding = 4; lastKnownFileType = sourcecode.c.objc; path = "UIImage+Rotate.m"; sourceTree = "<group>"; };
		A0ACB3981CD33D630078715B /* UIImage+Tools.h */ = {isa = PBXFileReference; fileEncoding = 4; lastKnownFileType = sourcecode.c.h; path = "UIImage+Tools.h"; sourceTree = "<group>"; };
		A0ACB3991CD33D630078715B /* UIImage+Tools.m */ = {isa = PBXFileReference; fileEncoding = 4; lastKnownFileType = sourcecode.c.objc; path = "UIImage+Tools.m"; sourceTree = "<group>"; };
		A0DEEA891CC9F8BD006516E3 /* Simple.app */ = {isa = PBXFileReference; explicitFileType = wrapper.application; includeInIndex = 0; path = Simple.app; sourceTree = BUILT_PRODUCTS_DIR; };
		A0DEEA8D1CC9F8BD006516E3 /* main.m */ = {isa = PBXFileReference; lastKnownFileType = sourcecode.c.objc; path = main.m; sourceTree = "<group>"; };
		A0DEEA981CC9F8BD006516E3 /* Assets.xcassets */ = {isa = PBXFileReference; lastKnownFileType = folder.assetcatalog; path = Assets.xcassets; sourceTree = "<group>"; };
		A0DEEA9B1CC9F8BD006516E3 /* Base */ = {isa = PBXFileReference; lastKnownFileType = file.storyboard; name = Base; path = Base.lproj/LaunchScreen.storyboard; sourceTree = "<group>"; };
		A0DEEA9D1CC9F8BD006516E3 /* Info.plist */ = {isa = PBXFileReference; lastKnownFileType = text.plist.xml; path = Info.plist; sourceTree = "<group>"; };
		A0DEEAA21CC9F8BD006516E3 /* SimpleTests.xctest */ = {isa = PBXFileReference; explicitFileType = wrapper.cfbundle; includeInIndex = 0; path = SimpleTests.xctest; sourceTree = BUILT_PRODUCTS_DIR; };
		A0DEEAA61CC9F8BD006516E3 /* SimpleTests.m */ = {isa = PBXFileReference; lastKnownFileType = sourcecode.c.objc; path = SimpleTests.m; sourceTree = "<group>"; };
		A0DEEAA81CC9F8BD006516E3 /* Info.plist */ = {isa = PBXFileReference; lastKnownFileType = text.plist.xml; path = Info.plist; sourceTree = "<group>"; };
		A0DEEAAD1CC9F8BD006516E3 /* SimpleUITests.xctest */ = {isa = PBXFileReference; explicitFileType = wrapper.cfbundle; includeInIndex = 0; path = SimpleUITests.xctest; sourceTree = BUILT_PRODUCTS_DIR; };
		A0DEEAB11CC9F8BD006516E3 /* SimpleUITests.m */ = {isa = PBXFileReference; lastKnownFileType = sourcecode.c.objc; path = SimpleUITests.m; sourceTree = "<group>"; };
		A0DEEAB31CC9F8BD006516E3 /* Info.plist */ = {isa = PBXFileReference; lastKnownFileType = text.plist.xml; path = Info.plist; sourceTree = "<group>"; };
		B7BF4E4EE792D584601B79DF /* Pods-Simple.release.xcconfig */ = {isa = PBXFileReference; includeInIndex = 1; lastKnownFileType = text.xcconfig; name = "Pods-Simple.release.xcconfig"; path = "Pods/Target Support Files/Pods-Simple/Pods-Simple.release.xcconfig"; sourceTree = "<group>"; };
		FC50640EFBACB2F0D553934E /* libPods-Simple.a */ = {isa = PBXFileReference; explicitFileType = archive.ar; includeInIndex = 0; path = "libPods-Simple.a"; sourceTree = BUILT_PRODUCTS_DIR; };
/* End PBXFileReference section */

/* Begin PBXFrameworksBuildPhase section */
		A0DEEA861CC9F8BD006516E3 /* Frameworks */ = {
			isa = PBXFrameworksBuildPhase;
			buildActionMask = 2147483647;
			files = (
				A0324E011CEC5F5300DF4671 /* CoreText.framework in Frameworks */,
				AD58C006E8E1D2D76B660203 /* libPods-Simple.a in Frameworks */,
			);
			runOnlyForDeploymentPostprocessing = 0;
		};
		A0DEEA9F1CC9F8BD006516E3 /* Frameworks */ = {
			isa = PBXFrameworksBuildPhase;
			buildActionMask = 2147483647;
			files = (
			);
			runOnlyForDeploymentPostprocessing = 0;
		};
		A0DEEAAA1CC9F8BD006516E3 /* Frameworks */ = {
			isa = PBXFrameworksBuildPhase;
			buildActionMask = 2147483647;
			files = (
			);
			runOnlyForDeploymentPostprocessing = 0;
		};
/* End PBXFrameworksBuildPhase section */

/* Begin PBXGroup section */
		0A21C36B3403764DC63885B9 /* Frameworks */ = {
			isa = PBXGroup;
			children = (
				A0324E001CEC5F5300DF4671 /* CoreText.framework */,
				FC50640EFBACB2F0D553934E /* libPods-Simple.a */,
			);
			name = Frameworks;
			sourceTree = "<group>";
		};
		222162191D7C015F0086FB51 /* WebVC */ = {
			isa = PBXGroup;
			children = (
				2221621C1D7C015F0086FB51 /* SIMWebViewController.h */,
				2221621D1D7C015F0086FB51 /* SIMWebViewController.m */,
				2221621A1D7C015F0086FB51 /* NextWebViewController.h */,
				2221621B1D7C015F0086FB51 /* NextWebViewController.m */,
			);
			path = WebVC;
			sourceTree = "<group>";
		};
		5D7CE8F21D8F7BC100128381 /* FeedbackVC */ = {
			isa = PBXGroup;
			children = (
				5D8A4B521D90CF630084235F /* SIMScreenShotManager.h */,
				5D8A4B531D90CF630084235F /* SIMScreenShotManager.m */,
				5D7CE8F31D8F7C0800128381 /* SIMScreenShotViewController.h */,
				5D7CE8F41D8F7C0800128381 /* SIMScreenShotViewController.m */,
				226CEFFD1D9AB36700FCCB63 /* SIMImageViewEditViewController.h */,
				226CEFFE1D9AB36700FCCB63 /* SIMImageViewEditViewController.m */,
				226CEFFB1D9AB36700FCCB63 /* HYScratchCardView.h */,
				226CEFFC1D9AB36700FCCB63 /* HYScratchCardView.m */,
			);
			path = FeedbackVC;
			sourceTree = "<group>";
		};
		A01BF6821D0EA5EE00C2E10E /* Networking */ = {
			isa = PBXGroup;
			children = (
				A01BF6831D0EA62300C2E10E /* SIMNetworking.h */,
				A01BF6841D0EA62300C2E10E /* SIMNetworking.m */,
			);
			path = Networking;
			sourceTree = "<group>";
		};
		A0324E021CEC691700DF4671 /* CoreGraphics */ = {
			isa = PBXGroup;
			children = (
				A0324E031CEC693800DF4671 /* SpecialLayer.h */,
				A0324E041CEC693800DF4671 /* SpecialLayer.m */,
			);
			path = CoreGraphics;
			sourceTree = "<group>";
		};
		A0324E061CEC6B6C00DF4671 /* UILabel */ = {
			isa = PBXGroup;
			children = (
				A0324E071CEC6B9000DF4671 /* CATextLayerLabel.h */,
				A0324E081CEC6B9000DF4671 /* CATextLayerLabel.m */,
				A0324E131CEDC0FE00DF4671 /* CAReplicatorView.h */,
				A0324E141CEDC0FE00DF4671 /* CAReplicatorView.m */,
			);
			path = UILabel;
			sourceTree = "<group>";
		};
		A060D38E1CD1D85B00B7D230 /* AppDelegate */ = {
			isa = PBXGroup;
			children = (
				A060D38F1CD1D85B00B7D230 /* AppDelegate.h */,
				A060D3901CD1D85B00B7D230 /* AppDelegate.m */,
			);
			path = AppDelegate;
			sourceTree = "<group>";
		};
		A060D3911CD1D85B00B7D230 /* Public */ = {
			isa = PBXGroup;
			children = (
				A01BF6821D0EA5EE00C2E10E /* Networking */,
				A060D3921CD1D85B00B7D230 /* Base */,
				A060D3951CD1D85B00B7D230 /* Category */,
				A060D3961CD1D85B00B7D230 /* Define */,
				A060D3981CD1D85B00B7D230 /* SubClasses */,
				A060D3991CD1D85B00B7D230 /* ThirdParty */,
				A060D39A1CD1D85B00B7D230 /* Tools */,
			);
			path = Public;
			sourceTree = "<group>";
		};
		A060D3921CD1D85B00B7D230 /* Base */ = {
			isa = PBXGroup;
			children = (
				A060D3931CD1D85B00B7D230 /* SIMNavigationController.h */,
				A060D3941CD1D85B00B7D230 /* SIMNavigationController.m */,
			);
			path = Base;
			sourceTree = "<group>";
		};
		A060D3951CD1D85B00B7D230 /* Category */ = {
			isa = PBXGroup;
			children = (
				A07064A41CD8751500CCA264 /* UIViewController */,
				A0ACB3951CD33D630078715B /* UIImage */,
				A0ACB39A1CD33D630078715B /* UINavigationBar */,
			);
			path = Category;
			sourceTree = "<group>";
		};
		A060D3961CD1D85B00B7D230 /* Define */ = {
			isa = PBXGroup;
			children = (
				A060D3971CD1D85B00B7D230 /* constants.h */,
				A060D3AA1CD1D8C500B7D230 /* Simple.pch */,
			);
			path = Define;
			sourceTree = "<group>";
		};
		A060D3981CD1D85B00B7D230 /* SubClasses */ = {
			isa = PBXGroup;
			children = (
				A0324E061CEC6B6C00DF4671 /* UILabel */,
			);
			path = SubClasses;
			sourceTree = "<group>";
		};
		A060D3991CD1D85B00B7D230 /* ThirdParty */ = {
			isa = PBXGroup;
			children = (
			);
			path = ThirdParty;
			sourceTree = "<group>";
		};
		A060D39A1CD1D85B00B7D230 /* Tools */ = {
			isa = PBXGroup;
			children = (
				A0324E021CEC691700DF4671 /* CoreGraphics */,
			);
			path = Tools;
			sourceTree = "<group>";
		};
		A060D39B1CD1D85B00B7D230 /* Resources */ = {
			isa = PBXGroup;
			children = (
				5D98528E1D9B539900A501B2 /* p2.jpg */,
				A0324E161CEDD97A00DF4671 /* 5@2x.png */,
				A0324DFD1CE9A8F700DF4671 /* 416.png */,
				A07064B51CDC736300CCA264 /* 4@2x.png */,
				A07064A21CD872BC00CCA264 /* 1.jpg */,
			);
			path = Resources;
			sourceTree = "<group>";
		};
		A060D39C1CD1D85B00B7D230 /* VC */ = {
			isa = PBXGroup;
			children = (
				5D7CE8F21D8F7BC100128381 /* FeedbackVC */,
				222162191D7C015F0086FB51 /* WebVC */,
				A0ACB38E1CD307830078715B /* SIMMainViewController.h */,
				A0ACB38F1CD307830078715B /* SIMMainViewController.m */,
				A060D39D1CD1D85B00B7D230 /* MasonryAnimateViewController.h */,
				A060D39E1CD1D85B00B7D230 /* MasonryAnimateViewController.m */,
				A060D39F1CD1D85B00B7D230 /* ViewController.h */,
				A060D3A01CD1D85B00B7D230 /* ViewController.m */,
				A060D3A11CD1D85B00B7D230 /* ViewController.xib */,
				A070649C1CD8439C00CCA264 /* CGViewController.h */,
				A070649D1CD8439C00CCA264 /* CGViewController.m */,
				A020DD0D1CE34AFD00642710 /* CAViewController.h */,
				A020DD0E1CE34AFD00642710 /* CAViewController.m */,
				A0324E181CEEBB9E00DF4671 /* CAAnimationViewController.h */,
				A0324E191CEEBB9E00DF4671 /* CAAnimationViewController.m */,
				A0324E2F1CF2CA6000DF4671 /* CAShowAnimationViewController.h */,
				A0324E301CF2CA6000DF4671 /* CAShowAnimationViewController.m */,
				A0324E321CF6E0D600DF4671 /* CAInstrumentsViewController.h */,
				A0324E331CF6E0D600DF4671 /* CAInstrumentsViewController.m */,
				A0324E3E1CFC4F7800DF4671 /* CADrawViewController.h */,
				A0324E3F1CFC4F7800DF4671 /* CADrawViewController.m */,
				A08A2E981D1BC6F000ED4F65 /* CACustomViewController.h */,
				A08A2E991D1BC6F000ED4F65 /* CACustomViewController.m */,
				5D3523BA1D9CB72000BDA86F /* CATestViewController.h */,
				5D3523BB1D9CB72000BDA86F /* CATestViewController.m */,
				5D3523C01D9D03CE00BDA86F /* SmoothLineView.h */,
				5D3523C11D9D03CE00BDA86F /* SmoothLineView.m */,
			);
			path = VC;
			sourceTree = "<group>";
		};
		A060D3A21CD1D85B00B7D230 /* View */ = {
			isa = PBXGroup;
			children = (
				A070649F1CD8445600CCA264 /* CGView.h */,
				A07064A01CD8445600CCA264 /* CGView.m */,
			);
			path = View;
			sourceTree = "<group>";
		};
		A060D3A31CD1D85B00B7D230 /* VM */ = {
			isa = PBXGroup;
			children = (
			);
			path = VM;
			sourceTree = "<group>";
		};
		A07064A41CD8751500CCA264 /* UIViewController */ = {
			isa = PBXGroup;
			children = (
				A08A2EBF1D20F9A700ED4F65 /* UIViewController+AnimateAlertView.h */,
				A08A2EC01D20F9A700ED4F65 /* UIViewController+AnimateAlertView.m */,
			);
			path = UIViewController;
			sourceTree = "<group>";
		};
		A0ACB3911CD309C00078715B /* M */ = {
			isa = PBXGroup;
			children = (
				A0ACB3921CD30A050078715B /* SIMItem.h */,
				A0ACB3931CD30A050078715B /* SIMItem.m */,
				5DED37EB1D7053DB00411321 /* KVOTarget.h */,
				5DED37EC1D7053DB00411321 /* KVOTarget.m */,
				5DED37F11D70587800411321 /* KVOOtherTarget.h */,
				5DED37F21D70587800411321 /* KVOOtherTarget.m */,
				5DED37EE1D7055FB00411321 /* KVOObserver.h */,
				5DED37EF1D7055FB00411321 /* KVOObserver.m */,
			);
			path = M;
			sourceTree = "<group>";
		};
		A0ACB3951CD33D630078715B /* UIImage */ = {
			isa = PBXGroup;
			children = (
				A0ACB3961CD33D630078715B /* UIImage+Rotate.h */,
				A0ACB3971CD33D630078715B /* UIImage+Rotate.m */,
				A0ACB3981CD33D630078715B /* UIImage+Tools.h */,
				A0ACB3991CD33D630078715B /* UIImage+Tools.m */,
			);
			path = UIImage;
			sourceTree = "<group>";
		};
		A0ACB39A1CD33D630078715B /* UINavigationBar */ = {
			isa = PBXGroup;
			children = (
				A0582BBF1CD33DAA007109B5 /* UINavigationBar+BackgroundColor.h */,
				A0582BC01CD33DAA007109B5 /* UINavigationBar+BackgroundColor.m */,
				5D2812211D8E911600FE542B /* UINavigationBar+Transform.h */,
				5D2812221D8E911600FE542B /* UINavigationBar+Transform.m */,
			);
			path = UINavigationBar;
			sourceTree = "<group>";
		};
		A0DEEA801CC9F8BD006516E3 = {
			isa = PBXGroup;
			children = (
				A0DEEA8B1CC9F8BD006516E3 /* Simple */,
				A0DEEAA51CC9F8BD006516E3 /* SimpleTests */,
				A0DEEAB01CC9F8BD006516E3 /* SimpleUITests */,
				A0DEEA8A1CC9F8BD006516E3 /* Products */,
				0A21C36B3403764DC63885B9 /* Frameworks */,
				C267A4D43C2FF87DC8742FED /* Pods */,
			);
			sourceTree = "<group>";
		};
		A0DEEA8A1CC9F8BD006516E3 /* Products */ = {
			isa = PBXGroup;
			children = (
				A0DEEA891CC9F8BD006516E3 /* Simple.app */,
				A0DEEAA21CC9F8BD006516E3 /* SimpleTests.xctest */,
				A0DEEAAD1CC9F8BD006516E3 /* SimpleUITests.xctest */,
			);
			name = Products;
			sourceTree = "<group>";
		};
		A0DEEA8B1CC9F8BD006516E3 /* Simple */ = {
			isa = PBXGroup;
			children = (
				A060D38E1CD1D85B00B7D230 /* AppDelegate */,
				A060D3911CD1D85B00B7D230 /* Public */,
				A060D39C1CD1D85B00B7D230 /* VC */,
				A060D3A21CD1D85B00B7D230 /* View */,
				A060D3A31CD1D85B00B7D230 /* VM */,
				A0ACB3911CD309C00078715B /* M */,
				A060D39B1CD1D85B00B7D230 /* Resources */,
				A0DEEA8C1CC9F8BD006516E3 /* Supporting Files */,
			);
			path = Simple;
			sourceTree = "<group>";
		};
		A0DEEA8C1CC9F8BD006516E3 /* Supporting Files */ = {
			isa = PBXGroup;
			children = (
				A0DEEA981CC9F8BD006516E3 /* Assets.xcassets */,
				A0DEEA9A1CC9F8BD006516E3 /* LaunchScreen.storyboard */,
				A0DEEA9D1CC9F8BD006516E3 /* Info.plist */,
				A0DEEA8D1CC9F8BD006516E3 /* main.m */,
			);
			name = "Supporting Files";
			sourceTree = "<group>";
		};
		A0DEEAA51CC9F8BD006516E3 /* SimpleTests */ = {
			isa = PBXGroup;
			children = (
				A0DEEAA61CC9F8BD006516E3 /* SimpleTests.m */,
				A0DEEAA81CC9F8BD006516E3 /* Info.plist */,
			);
			path = SimpleTests;
			sourceTree = "<group>";
		};
		A0DEEAB01CC9F8BD006516E3 /* SimpleUITests */ = {
			isa = PBXGroup;
			children = (
				A0DEEAB11CC9F8BD006516E3 /* SimpleUITests.m */,
				A0DEEAB31CC9F8BD006516E3 /* Info.plist */,
			);
			path = SimpleUITests;
			sourceTree = "<group>";
		};
		C267A4D43C2FF87DC8742FED /* Pods */ = {
			isa = PBXGroup;
			children = (
				5561EBC4F90458BB6A11AEA3 /* Pods-Simple.debug.xcconfig */,
				B7BF4E4EE792D584601B79DF /* Pods-Simple.release.xcconfig */,
			);
			name = Pods;
			sourceTree = "<group>";
		};
/* End PBXGroup section */

/* Begin PBXNativeTarget section */
		A0DEEA881CC9F8BD006516E3 /* Simple */ = {
			isa = PBXNativeTarget;
			buildConfigurationList = A0DEEAB61CC9F8BD006516E3 /* Build configuration list for PBXNativeTarget "Simple" */;
			buildPhases = (
				D1697E63B0D24CB31A9BB9E9 /* [CP] Check Pods Manifest.lock */,
				A0DEEA851CC9F8BD006516E3 /* Sources */,
				A0DEEA861CC9F8BD006516E3 /* Frameworks */,
				A0DEEA871CC9F8BD006516E3 /* Resources */,
				8E6E6ACB03F73E80B55220A7 /* [CP] Embed Pods Frameworks */,
				618002CDC0F9B57BF3A0BB95 /* [CP] Copy Pods Resources */,
			);
			buildRules = (
			);
			dependencies = (
			);
			name = Simple;
			productName = Simple;
			productReference = A0DEEA891CC9F8BD006516E3 /* Simple.app */;
			productType = "com.apple.product-type.application";
		};
		A0DEEAA11CC9F8BD006516E3 /* SimpleTests */ = {
			isa = PBXNativeTarget;
			buildConfigurationList = A0DEEAB91CC9F8BD006516E3 /* Build configuration list for PBXNativeTarget "SimpleTests" */;
			buildPhases = (
				A0DEEA9E1CC9F8BD006516E3 /* Sources */,
				A0DEEA9F1CC9F8BD006516E3 /* Frameworks */,
				A0DEEAA01CC9F8BD006516E3 /* Resources */,
			);
			buildRules = (
			);
			dependencies = (
				A0DEEAA41CC9F8BD006516E3 /* PBXTargetDependency */,
			);
			name = SimpleTests;
			productName = SimpleTests;
			productReference = A0DEEAA21CC9F8BD006516E3 /* SimpleTests.xctest */;
			productType = "com.apple.product-type.bundle.unit-test";
		};
		A0DEEAAC1CC9F8BD006516E3 /* SimpleUITests */ = {
			isa = PBXNativeTarget;
			buildConfigurationList = A0DEEABC1CC9F8BD006516E3 /* Build configuration list for PBXNativeTarget "SimpleUITests" */;
			buildPhases = (
				A0DEEAA91CC9F8BD006516E3 /* Sources */,
				A0DEEAAA1CC9F8BD006516E3 /* Frameworks */,
				A0DEEAAB1CC9F8BD006516E3 /* Resources */,
			);
			buildRules = (
			);
			dependencies = (
				A0DEEAAF1CC9F8BD006516E3 /* PBXTargetDependency */,
			);
			name = SimpleUITests;
			productName = SimpleUITests;
			productReference = A0DEEAAD1CC9F8BD006516E3 /* SimpleUITests.xctest */;
			productType = "com.apple.product-type.bundle.ui-testing";
		};
/* End PBXNativeTarget section */

/* Begin PBXProject section */
		A0DEEA811CC9F8BD006516E3 /* Project object */ = {
			isa = PBXProject;
			attributes = {
				LastUpgradeCheck = 0730;
				ORGANIZATIONNAME = ehsy;
				TargetAttributes = {
					A0DEEA881CC9F8BD006516E3 = {
						CreatedOnToolsVersion = 7.3;
						DevelopmentTeam = 74N47TZ9PY;
					};
					A0DEEAA11CC9F8BD006516E3 = {
						CreatedOnToolsVersion = 7.3;
						TestTargetID = A0DEEA881CC9F8BD006516E3;
					};
					A0DEEAAC1CC9F8BD006516E3 = {
						CreatedOnToolsVersion = 7.3;
						TestTargetID = A0DEEA881CC9F8BD006516E3;
					};
				};
			};
			buildConfigurationList = A0DEEA841CC9F8BD006516E3 /* Build configuration list for PBXProject "Simple" */;
			compatibilityVersion = "Xcode 3.2";
			developmentRegion = English;
			hasScannedForEncodings = 0;
			knownRegions = (
				en,
				Base,
			);
			mainGroup = A0DEEA801CC9F8BD006516E3;
			productRefGroup = A0DEEA8A1CC9F8BD006516E3 /* Products */;
			projectDirPath = "";
			projectRoot = "";
			targets = (
				A0DEEA881CC9F8BD006516E3 /* Simple */,
				A0DEEAA11CC9F8BD006516E3 /* SimpleTests */,
				A0DEEAAC1CC9F8BD006516E3 /* SimpleUITests */,
			);
		};
/* End PBXProject section */

/* Begin PBXResourcesBuildPhase section */
		A0DEEA871CC9F8BD006516E3 /* Resources */ = {
			isa = PBXResourcesBuildPhase;
			buildActionMask = 2147483647;
			files = (
				A0DEEA9C1CC9F8BD006516E3 /* LaunchScreen.storyboard in Resources */,
				A07064A31CD872BC00CCA264 /* 1.jpg in Resources */,
				A0324E171CEDD97A00DF4671 /* 5@2x.png in Resources */,
				A07064B61CDC736300CCA264 /* 4@2x.png in Resources */,
				A060D3A81CD1D85B00B7D230 /* ViewController.xib in Resources */,
				A0324DFE1CE9A8F700DF4671 /* 416.png in Resources */,
				A0DEEA991CC9F8BD006516E3 /* Assets.xcassets in Resources */,
				5D98528F1D9B539900A501B2 /* p2.jpg in Resources */,
			);
			runOnlyForDeploymentPostprocessing = 0;
		};
		A0DEEAA01CC9F8BD006516E3 /* Resources */ = {
			isa = PBXResourcesBuildPhase;
			buildActionMask = 2147483647;
			files = (
			);
			runOnlyForDeploymentPostprocessing = 0;
		};
		A0DEEAAB1CC9F8BD006516E3 /* Resources */ = {
			isa = PBXResourcesBuildPhase;
			buildActionMask = 2147483647;
			files = (
			);
			runOnlyForDeploymentPostprocessing = 0;
		};
/* End PBXResourcesBuildPhase section */

/* Begin PBXShellScriptBuildPhase section */
		618002CDC0F9B57BF3A0BB95 /* [CP] Copy Pods Resources */ = {
			isa = PBXShellScriptBuildPhase;
			buildActionMask = 2147483647;
			files = (
			);
			inputPaths = (
			);
			name = "[CP] Copy Pods Resources";
			outputPaths = (
			);
			runOnlyForDeploymentPostprocessing = 0;
			shellPath = /bin/sh;
			shellScript = "\"${SRCROOT}/Pods/Target Support Files/Pods-Simple/Pods-Simple-resources.sh\"\n";
			showEnvVarsInLog = 0;
		};
		8E6E6ACB03F73E80B55220A7 /* [CP] Embed Pods Frameworks */ = {
			isa = PBXShellScriptBuildPhase;
			buildActionMask = 2147483647;
			files = (
			);
			inputPaths = (
			);
			name = "[CP] Embed Pods Frameworks";
			outputPaths = (
			);
			runOnlyForDeploymentPostprocessing = 0;
			shellPath = /bin/sh;
			shellScript = "\"${SRCROOT}/Pods/Target Support Files/Pods-Simple/Pods-Simple-frameworks.sh\"\n";
			showEnvVarsInLog = 0;
		};
		D1697E63B0D24CB31A9BB9E9 /* [CP] Check Pods Manifest.lock */ = {
			isa = PBXShellScriptBuildPhase;
			buildActionMask = 2147483647;
			files = (
			);
			inputPaths = (
			);
			name = "[CP] Check Pods Manifest.lock";
			outputPaths = (
			);
			runOnlyForDeploymentPostprocessing = 0;
			shellPath = /bin/sh;
			shellScript = "diff \"${PODS_ROOT}/../Podfile.lock\" \"${PODS_ROOT}/Manifest.lock\" > /dev/null\nif [[ $? != 0 ]] ; then\n    cat << EOM\nerror: The sandbox is not in sync with the Podfile.lock. Run 'pod install' or update your CocoaPods installation.\nEOM\n    exit 1\nfi\n";
			showEnvVarsInLog = 0;
		};
/* End PBXShellScriptBuildPhase section */

/* Begin PBXSourcesBuildPhase section */
		A0DEEA851CC9F8BD006516E3 /* Sources */ = {
			isa = PBXSourcesBuildPhase;
			buildActionMask = 2147483647;
			files = (
				A0324E311CF2CA6000DF4671 /* CAShowAnimationViewController.m in Sources */,
				5D8A4B541D90CF630084235F /* SIMScreenShotManager.m in Sources */,
				5D3523BC1D9CB72000BDA86F /* CATestViewController.m in Sources */,
				A0324E1A1CEEBB9E00DF4671 /* CAAnimationViewController.m in Sources */,
				A060D3A61CD1D85B00B7D230 /* MasonryAnimateViewController.m in Sources */,
				A060D3A41CD1D85B00B7D230 /* AppDelegate.m in Sources */,
				A0324E091CEC6B9000DF4671 /* CATextLayerLabel.m in Sources */,
				A0ACB3901CD307830078715B /* SIMMainViewController.m in Sources */,
				226CF0001D9AB36700FCCB63 /* SIMImageViewEditViewController.m in Sources */,
				A0324E151CEDC0FE00DF4671 /* CAReplicatorView.m in Sources */,
				A08A2EC11D20F9A700ED4F65 /* UIViewController+AnimateAlertView.m in Sources */,
				A0582BC11CD33DAA007109B5 /* UINavigationBar+BackgroundColor.m in Sources */,
				A01BF6851D0EA62300C2E10E /* SIMNetworking.m in Sources */,
				5D2812231D8E911600FE542B /* UINavigationBar+Transform.m in Sources */,
				226CEFFF1D9AB36700FCCB63 /* HYScratchCardView.m in Sources */,
				A020DD0F1CE34AFD00642710 /* CAViewController.m in Sources */,
				A0DEEA8E1CC9F8BD006516E3 /* main.m in Sources */,
				A0324E401CFC4F7800DF4671 /* CADrawViewController.m in Sources */,
				5DED37ED1D7053DB00411321 /* KVOTarget.m in Sources */,
				5DED37F01D7055FB00411321 /* KVOObserver.m in Sources */,
				A070649E1CD8439C00CCA264 /* CGViewController.m in Sources */,
				2221621E1D7C015F0086FB51 /* NextWebViewController.m in Sources */,
				5D7CE8F51D8F7C0800128381 /* SIMScreenShotViewController.m in Sources */,
				5DED37F31D70587800411321 /* KVOOtherTarget.m in Sources */,
				A08A2E9A1D1BC6F000ED4F65 /* CACustomViewController.m in Sources */,
				2221621F1D7C015F0086FB51 /* SIMWebViewController.m in Sources */,
				A0ACB39C1CD33D630078715B /* UIImage+Tools.m in Sources */,
				A0ACB3941CD30A050078715B /* SIMItem.m in Sources */,
				A0324E341CF6E0D600DF4671 /* CAInstrumentsViewController.m in Sources */,
				A07064A11CD8445600CCA264 /* CGView.m in Sources */,
				5D3523C21D9D03CE00BDA86F /* SmoothLineView.m in Sources */,
				A0324E051CEC693800DF4671 /* SpecialLayer.m in Sources */,
				A060D3A51CD1D85B00B7D230 /* SIMNavigationController.m in Sources */,
				A0ACB39B1CD33D630078715B /* UIImage+Rotate.m in Sources */,
				A060D3A71CD1D85B00B7D230 /* ViewController.m in Sources */,
			);
			runOnlyForDeploymentPostprocessing = 0;
		};
		A0DEEA9E1CC9F8BD006516E3 /* Sources */ = {
			isa = PBXSourcesBuildPhase;
			buildActionMask = 2147483647;
			files = (
				A0DEEAA71CC9F8BD006516E3 /* SimpleTests.m in Sources */,
			);
			runOnlyForDeploymentPostprocessing = 0;
		};
		A0DEEAA91CC9F8BD006516E3 /* Sources */ = {
			isa = PBXSourcesBuildPhase;
			buildActionMask = 2147483647;
			files = (
				A0DEEAB21CC9F8BD006516E3 /* SimpleUITests.m in Sources */,
			);
			runOnlyForDeploymentPostprocessing = 0;
		};
/* End PBXSourcesBuildPhase section */

/* Begin PBXTargetDependency section */
		A0DEEAA41CC9F8BD006516E3 /* PBXTargetDependency */ = {
			isa = PBXTargetDependency;
			target = A0DEEA881CC9F8BD006516E3 /* Simple */;
			targetProxy = A0DEEAA31CC9F8BD006516E3 /* PBXContainerItemProxy */;
		};
		A0DEEAAF1CC9F8BD006516E3 /* PBXTargetDependency */ = {
			isa = PBXTargetDependency;
			target = A0DEEA881CC9F8BD006516E3 /* Simple */;
			targetProxy = A0DEEAAE1CC9F8BD006516E3 /* PBXContainerItemProxy */;
		};
/* End PBXTargetDependency section */

/* Begin PBXVariantGroup section */
		A0DEEA9A1CC9F8BD006516E3 /* LaunchScreen.storyboard */ = {
			isa = PBXVariantGroup;
			children = (
				A0DEEA9B1CC9F8BD006516E3 /* Base */,
			);
			name = LaunchScreen.storyboard;
			sourceTree = "<group>";
		};
/* End PBXVariantGroup section */

/* Begin XCBuildConfiguration section */
		A0DEEAB41CC9F8BD006516E3 /* Debug */ = {
			isa = XCBuildConfiguration;
			buildSettings = {
				ALWAYS_SEARCH_USER_PATHS = NO;
				CLANG_ANALYZER_NONNULL = YES;
				CLANG_CXX_LANGUAGE_STANDARD = "gnu++0x";
				CLANG_CXX_LIBRARY = "libc++";
				CLANG_ENABLE_MODULES = YES;
				CLANG_ENABLE_OBJC_ARC = YES;
				CLANG_WARN_BOOL_CONVERSION = YES;
				CLANG_WARN_CONSTANT_CONVERSION = YES;
				CLANG_WARN_DIRECT_OBJC_ISA_USAGE = YES_ERROR;
				CLANG_WARN_EMPTY_BODY = YES;
				CLANG_WARN_ENUM_CONVERSION = YES;
				CLANG_WARN_INT_CONVERSION = YES;
				CLANG_WARN_OBJC_ROOT_CLASS = YES_ERROR;
				CLANG_WARN_UNREACHABLE_CODE = YES;
				CLANG_WARN__DUPLICATE_METHOD_MATCH = YES;
				"CODE_SIGN_IDENTITY[sdk=iphoneos*]" = "iPhone Developer";
				COPY_PHASE_STRIP = NO;
				DEBUG_INFORMATION_FORMAT = dwarf;
				ENABLE_STRICT_OBJC_MSGSEND = YES;
				ENABLE_TESTABILITY = YES;
				GCC_C_LANGUAGE_STANDARD = gnu99;
				GCC_DYNAMIC_NO_PIC = NO;
				GCC_NO_COMMON_BLOCKS = YES;
				GCC_OPTIMIZATION_LEVEL = 0;
				GCC_PREPROCESSOR_DEFINITIONS = (
					"DEBUG=1",
					"$(inherited)",
				);
				GCC_WARN_64_TO_32_BIT_CONVERSION = YES;
				GCC_WARN_ABOUT_RETURN_TYPE = YES_ERROR;
				GCC_WARN_UNDECLARED_SELECTOR = YES;
				GCC_WARN_UNINITIALIZED_AUTOS = YES_AGGRESSIVE;
				GCC_WARN_UNUSED_FUNCTION = YES;
				GCC_WARN_UNUSED_VARIABLE = YES;
				IPHONEOS_DEPLOYMENT_TARGET = 9.3;
				MTL_ENABLE_DEBUG_INFO = YES;
				ONLY_ACTIVE_ARCH = YES;
				SDKROOT = iphoneos;
			};
			name = Debug;
		};
		A0DEEAB51CC9F8BD006516E3 /* Release */ = {
			isa = XCBuildConfiguration;
			buildSettings = {
				ALWAYS_SEARCH_USER_PATHS = NO;
				CLANG_ANALYZER_NONNULL = YES;
				CLANG_CXX_LANGUAGE_STANDARD = "gnu++0x";
				CLANG_CXX_LIBRARY = "libc++";
				CLANG_ENABLE_MODULES = YES;
				CLANG_ENABLE_OBJC_ARC = YES;
				CLANG_WARN_BOOL_CONVERSION = YES;
				CLANG_WARN_CONSTANT_CONVERSION = YES;
				CLANG_WARN_DIRECT_OBJC_ISA_USAGE = YES_ERROR;
				CLANG_WARN_EMPTY_BODY = YES;
				CLANG_WARN_ENUM_CONVERSION = YES;
				CLANG_WARN_INT_CONVERSION = YES;
				CLANG_WARN_OBJC_ROOT_CLASS = YES_ERROR;
				CLANG_WARN_UNREACHABLE_CODE = YES;
				CLANG_WARN__DUPLICATE_METHOD_MATCH = YES;
				"CODE_SIGN_IDENTITY[sdk=iphoneos*]" = "iPhone Developer";
				COPY_PHASE_STRIP = NO;
				DEBUG_INFORMATION_FORMAT = "dwarf-with-dsym";
				ENABLE_NS_ASSERTIONS = NO;
				ENABLE_STRICT_OBJC_MSGSEND = YES;
				GCC_C_LANGUAGE_STANDARD = gnu99;
				GCC_NO_COMMON_BLOCKS = YES;
				GCC_WARN_64_TO_32_BIT_CONVERSION = YES;
				GCC_WARN_ABOUT_RETURN_TYPE = YES_ERROR;
				GCC_WARN_UNDECLARED_SELECTOR = YES;
				GCC_WARN_UNINITIALIZED_AUTOS = YES_AGGRESSIVE;
				GCC_WARN_UNUSED_FUNCTION = YES;
				GCC_WARN_UNUSED_VARIABLE = YES;
				IPHONEOS_DEPLOYMENT_TARGET = 9.3;
				MTL_ENABLE_DEBUG_INFO = NO;
				SDKROOT = iphoneos;
				VALIDATE_PRODUCT = YES;
			};
			name = Release;
		};
		A0DEEAB71CC9F8BD006516E3 /* Debug */ = {
			isa = XCBuildConfiguration;
			baseConfigurationReference = 5561EBC4F90458BB6A11AEA3 /* Pods-Simple.debug.xcconfig */;
			buildSettings = {
				ASSETCATALOG_COMPILER_APPICON_NAME = AppIcon;
				CODE_SIGN_IDENTITY = "iPhone Developer";
				"CODE_SIGN_IDENTITY[sdk=iphoneos*]" = "iPhone Developer";
				GCC_PREFIX_HEADER = $SRCROOT/Simple/Public/Define/Simple.pch;
				INFOPLIST_FILE = Simple/Info.plist;
				IPHONEOS_DEPLOYMENT_TARGET = 7.1;
				LD_RUNPATH_SEARCH_PATHS = "$(inherited) @executable_path/Frameworks";
				PRODUCT_BUNDLE_IDENTIFIER = com.rh.Simple;
				PRODUCT_NAME = "$(TARGET_NAME)";
				PROVISIONING_PROFILE = "";
			};
			name = Debug;
		};
		A0DEEAB81CC9F8BD006516E3 /* Release */ = {
			isa = XCBuildConfiguration;
			baseConfigurationReference = B7BF4E4EE792D584601B79DF /* Pods-Simple.release.xcconfig */;
			buildSettings = {
				ASSETCATALOG_COMPILER_APPICON_NAME = AppIcon;
				CODE_SIGN_IDENTITY = "iPhone Developer";
				"CODE_SIGN_IDENTITY[sdk=iphoneos*]" = "iPhone Developer";
				GCC_PREFIX_HEADER = $SRCROOT/Simple/Public/Define/Simple.pch;
				INFOPLIST_FILE = Simple/Info.plist;
				IPHONEOS_DEPLOYMENT_TARGET = 7.1;
				LD_RUNPATH_SEARCH_PATHS = "$(inherited) @executable_path/Frameworks";
				PRODUCT_BUNDLE_IDENTIFIER = com.rh.Simple;
				PRODUCT_NAME = "$(TARGET_NAME)";
				PROVISIONING_PROFILE = "";
			};
			name = Release;
		};
		A0DEEABA1CC9F8BD006516E3 /* Debug */ = {
			isa = XCBuildConfiguration;
			buildSettings = {
				BUNDLE_LOADER = "$(TEST_HOST)";
				INFOPLIST_FILE = SimpleTests/Info.plist;
				LD_RUNPATH_SEARCH_PATHS = "$(inherited) @executable_path/Frameworks @loader_path/Frameworks";
				PRODUCT_BUNDLE_IDENTIFIER = ehsy.SimpleTests;
				PRODUCT_NAME = "$(TARGET_NAME)";
				TEST_HOST = "$(BUILT_PRODUCTS_DIR)/Simple.app/Simple";
			};
			name = Debug;
		};
		A0DEEABB1CC9F8BD006516E3 /* Release */ = {
			isa = XCBuildConfiguration;
			buildSettings = {
				BUNDLE_LOADER = "$(TEST_HOST)";
				INFOPLIST_FILE = SimpleTests/Info.plist;
				LD_RUNPATH_SEARCH_PATHS = "$(inherited) @executable_path/Frameworks @loader_path/Frameworks";
				PRODUCT_BUNDLE_IDENTIFIER = ehsy.SimpleTests;
				PRODUCT_NAME = "$(TARGET_NAME)";
				TEST_HOST = "$(BUILT_PRODUCTS_DIR)/Simple.app/Simple";
			};
			name = Release;
		};
		A0DEEABD1CC9F8BD006516E3 /* Debug */ = {
			isa = XCBuildConfiguration;
			buildSettings = {
				INFOPLIST_FILE = SimpleUITests/Info.plist;
				LD_RUNPATH_SEARCH_PATHS = "$(inherited) @executable_path/Frameworks @loader_path/Frameworks";
				PRODUCT_BUNDLE_IDENTIFIER = ehsy.SimpleUITests;
				PRODUCT_NAME = "$(TARGET_NAME)";
				TEST_TARGET_NAME = Simple;
			};
			name = Debug;
		};
		A0DEEABE1CC9F8BD006516E3 /* Release */ = {
			isa = XCBuildConfiguration;
			buildSettings = {
				INFOPLIST_FILE = SimpleUITests/Info.plist;
				LD_RUNPATH_SEARCH_PATHS = "$(inherited) @executable_path/Frameworks @loader_path/Frameworks";
				PRODUCT_BUNDLE_IDENTIFIER = ehsy.SimpleUITests;
				PRODUCT_NAME = "$(TARGET_NAME)";
				TEST_TARGET_NAME = Simple;
			};
			name = Release;
		};
/* End XCBuildConfiguration section */

/* Begin XCConfigurationList section */
		A0DEEA841CC9F8BD006516E3 /* Build configuration list for PBXProject "Simple" */ = {
			isa = XCConfigurationList;
			buildConfigurations = (
				A0DEEAB41CC9F8BD006516E3 /* Debug */,
				A0DEEAB51CC9F8BD006516E3 /* Release */,
			);
			defaultConfigurationIsVisible = 0;
			defaultConfigurationName = Release;
		};
		A0DEEAB61CC9F8BD006516E3 /* Build configuration list for PBXNativeTarget "Simple" */ = {
			isa = XCConfigurationList;
			buildConfigurations = (
				A0DEEAB71CC9F8BD006516E3 /* Debug */,
				A0DEEAB81CC9F8BD006516E3 /* Release */,
			);
			defaultConfigurationIsVisible = 0;
			defaultConfigurationName = Release;
		};
		A0DEEAB91CC9F8BD006516E3 /* Build configuration list for PBXNativeTarget "SimpleTests" */ = {
			isa = XCConfigurationList;
			buildConfigurations = (
				A0DEEABA1CC9F8BD006516E3 /* Debug */,
				A0DEEABB1CC9F8BD006516E3 /* Release */,
			);
			defaultConfigurationIsVisible = 0;
			defaultConfigurationName = Release;
		};
		A0DEEABC1CC9F8BD006516E3 /* Build configuration list for PBXNativeTarget "SimpleUITests" */ = {
			isa = XCConfigurationList;
			buildConfigurations = (
				A0DEEABD1CC9F8BD006516E3 /* Debug */,
				A0DEEABE1CC9F8BD006516E3 /* Release */,
			);
			defaultConfigurationIsVisible = 0;
			defaultConfigurationName = Release;
		};
/* End XCConfigurationList section */
	};
	rootObject = A0DEEA811CC9F8BD006516E3 /* Project object */;
}
